
Microsoft Visual Studio Solution File, Format Version 12.00
# Visual Studio 15
VisualStudioVersion = 15.0.28307.329
MinimumVisualStudioVersion = 10.0.40219.1
Project("{FAE04EC0-301F-11D3-BF4B-00C04F79EFBC}") = "TimeInputGame", "TimeInputGame\TimeInputGame.csproj", "{B1BE1BD0-91A2-48F8-A07A-2689F21E7542}"
EndProject
Global
	GlobalSection(SolutionConfigurationPlatforms) = preSolution
		Debug|Any CPU = Debug|Any CPU
		Release|Any CPU = Release|Any CPU
	EndGlobalSection
	GlobalSection(ProjectConfigurationPlatforms) = postSolution
		{B1BE1BD0-91A2-48F8-A07A-2689F21E7542}.Debug|Any CPU.ActiveCfg = Debug|Any CPU
		{B1BE1BD0-91A2-48F8-A07A-2689F21E7542}.Debug|Any CPU.Build.0 = Debug|Any CPU
		{B1BE1BD0-91A2-48F8-A07A-2689F21E7542}.Release|Any CPU.ActiveCfg = Release|Any CPU
		{B1BE1BD0-91A2-48F8-A07A-2689F21E7542}.Release|Any CPU.Build.0 = Release|Any CPU
	EndGlobalSection
	GlobalSection(SolutionProperties) = preSolution
		HideSolutionNode = FALSE
	EndGlobalSection
	GlobalSection(ExtensibilityGlobals) = postSolution
		SolutionGuid = {49B72658-E8B7-4D89-9288-945CBDD53B08}
	EndGlobalSection
EndGlobal
